{
	"name": "bv-desktop",
	"version": "0.1.60",
	"lockfileVersion": 3,
	"requires": true,
	"packages": {
		"": {
			"name": "bv-desktop",
			"version": "0.1.60",
			"dependencies": {
				"@tauri-apps/api": "~2.10",
				"@tauri-apps/plugin-dialog": "~2.6",
				"@tauri-apps/plugin-notification": "^2.1.0",
				"@tauri-apps/plugin-process": "^2.3.0",
				"@tauri-apps/plugin-updater": "~2.10"
			},
			"devDependencies": {
				"@playwright/test": "^1.48.2",
				"@tauri-apps/cli": "^2.9.6",
				"dotenv-cli": "^10.0.0",
				"ws": "^8.17.0"
			}
		},
		"node_modules/@playwright/test": {
			"version": "1.56.1",
			"resolved": "https://registry.npmjs.org/@playwright/test/-/test-1.56.1.tgz",
			"integrity": "sha512-vSMYtL/zOcFpvJCW71Q/OEGQb7KYBPAdKh35WNSkaZA75JlAO8ED8UN6GUNTm3drWomcbcqRPFqQbLae8yBTdg==",
			"dev": true,
			"license": "Apache-2.0",
			"dependencies": {
				"playwright": "1.56.1"
			},
			"bin": {
				"playwright": "cli.js"
			},
			"engines": {
				"node": ">=18"
			}
		},
		"node_modules/@tauri-apps/api": {
			"version": "2.10.1",
			"resolved": "https://registry.npmjs.org/@tauri-apps/api/-/api-2.10.1.tgz",
			"integrity": "sha512-hKL/jWf293UDSUN09rR69hrToyIXBb8CjGaWC7gfinvnQrBVvnLr08FeFi38gxtugAVyVcTa5/FD/Xnkb1siBw==",
			"license": "Apache-2.0 OR MIT",
			"funding": {
				"type": "opencollective",
				"url": "https://opencollective.com/tauri"
			}
		},
		"node_modules/@tauri-apps/cli": {
			"version": "2.9.6",
			"resolved": "https://registry.npmjs.org/@tauri-apps/cli/-/cli-2.9.6.tgz",
			"integrity": "sha512-3xDdXL5omQ3sPfBfdC8fCtDKcnyV7OqyzQgfyT5P3+zY6lcPqIYKQBvUasNvppi21RSdfhy44ttvJmftb0PCDw==",
			"dev": true,
			"license": "Apache-2.0 OR MIT",
			"bin": {
				"tauri": "tauri.js"
			},
			"engines": {
				"node": ">= 10"
			},
			"funding": {
				"type": "opencollective",
				"url": "https://opencollective.com/tauri"
			},
			"optionalDependencies": {
				"@tauri-apps/cli-darwin-arm64": "2.9.6",
				"@tauri-apps/cli-darwin-x64": "2.9.6",
				"@tauri-apps/cli-linux-arm-gnueabihf": "2.9.6",
				"@tauri-apps/cli-linux-arm64-gnu": "2.9.6",
				"@tauri-apps/cli-linux-arm64-musl": "2.9.6",
				"@tauri-apps/cli-linux-riscv64-gnu": "2.9.6",
				"@tauri-apps/cli-linux-x64-gnu": "2.9.6",
				"@tauri-apps/cli-linux-x64-musl": "2.9.6",
				"@tauri-apps/cli-win32-arm64-msvc": "2.9.6",
				"@tauri-apps/cli-win32-ia32-msvc": "2.9.6",
				"@tauri-apps/cli-win32-x64-msvc": "2.9.6"
			}
		},
		"node_modules/@tauri-apps/cli-darwin-arm64": {
			"version": "2.9.6",
			"resolved": "https://registry.npmjs.org/@tauri-apps/cli-darwin-arm64/-/cli-darwin-arm64-2.9.6.tgz",
			"integrity": "sha512-gf5no6N9FCk1qMrti4lfwP77JHP5haASZgVbBgpZG7BUepB3fhiLCXGUK8LvuOjP36HivXewjg72LTnPDScnQQ==",
			"cpu": [
				"arm64"
			],
			"dev": true,
			"license": "Apache-2.0 OR MIT",
			"optional": true,
			"os": [
				"darwin"
			],
			"engines": {
				"node": ">= 10"
			}
		},
		"node_modules/@tauri-apps/cli-darwin-x64": {
			"version": "2.9.6",
			"resolved": "https://registry.npmjs.org/@tauri-apps/cli-darwin-x64/-/cli-darwin-x64-2.9.6.tgz",
			"integrity": "sha512-oWh74WmqbERwwrwcueJyY6HYhgCksUc6NT7WKeXyrlY/FPmNgdyQAgcLuTSkhRFuQ6zh4Np1HZpOqCTpeZBDcw==",
			"cpu": [
				"x64"
			],
			"dev": true,
			"license": "Apache-2.0 OR MIT",
			"optional": true,
			"os": [
				"darwin"
			],
			"engines": {
				"node": ">= 10"
			}
		},
		"node_modules/@tauri-apps/cli-linux-arm-gnueabihf": {
			"version": "2.9.6",
			"resolved": "https://registry.npmjs.org/@tauri-apps/cli-linux-arm-gnueabihf/-/cli-linux-arm-gnueabihf-2.9.6.tgz",
			"integrity": "sha512-/zde3bFroFsNXOHN204DC2qUxAcAanUjVXXSdEGmhwMUZeAQalNj5cz2Qli2elsRjKN/hVbZOJj0gQ5zaYUjSg==",
			"cpu": [
				"arm"
			],
			"dev": true,
			"license": "Apache-2.0 OR MIT",
			"optional": true,
			"os": [
				"linux"
			],
			"engines": {
				"node": ">= 10"
			}
		},
		"node_modules/@tauri-apps/cli-linux-arm64-gnu": {
			"version": "2.9.6",
			"resolved": "https://registry.npmjs.org/@tauri-apps/cli-linux-arm64-gnu/-/cli-linux-arm64-gnu-2.9.6.tgz",
			"integrity": "sha512-pvbljdhp9VOo4RnID5ywSxgBs7qiylTPlK56cTk7InR3kYSTJKYMqv/4Q/4rGo/mG8cVppesKIeBMH42fw6wjg==",
			"cpu": [
				"arm64"
			],
			"dev": true,
			"license": "Apache-2.0 OR MIT",
			"optional": true,
			"os": [
				"linux"
			],
			"engines": {
				"node": ">= 10"
			}
		},
		"node_modules/@tauri-apps/cli-linux-arm64-musl": {
			"version": "2.9.6",
			"resolved": "https://registry.npmjs.org/@tauri-apps/cli-linux-arm64-musl/-/cli-linux-arm64-musl-2.9.6.tgz",
			"integrity": "sha512-02TKUndpodXBCR0oP//6dZWGYcc22Upf2eP27NvC6z0DIqvkBBFziQUcvi2n6SrwTRL0yGgQjkm9K5NIn8s6jw==",
			"cpu": [
				"arm64"
			],
			"dev": true,
			"license": "Apache-2.0 OR MIT",
			"optional": true,
			"os": [
				"linux"
			],
			"engines": {
				"node": ">= 10"
			}
		},
		"node_modules/@tauri-apps/cli-linux-riscv64-gnu": {
			"version": "2.9.6",
			"resolved": "https://registry.npmjs.org/@tauri-apps/cli-linux-riscv64-gnu/-/cli-linux-riscv64-gnu-2.9.6.tgz",
			"integrity": "sha512-fmp1hnulbqzl1GkXl4aTX9fV+ubHw2LqlLH1PE3BxZ11EQk+l/TmiEongjnxF0ie4kV8DQfDNJ1KGiIdWe1GvQ==",
			"cpu": [
				"riscv64"
			],
			"dev": true,
			"license": "Apache-2.0 OR MIT",
			"optional": true,
			"os": [
				"linux"
			],
			"engines": {
				"node": ">= 10"
			}
		},
		"node_modules/@tauri-apps/cli-linux-x64-gnu": {
			"version": "2.9.6",
			"resolved": "https://registry.npmjs.org/@tauri-apps/cli-linux-x64-gnu/-/cli-linux-x64-gnu-2.9.6.tgz",
			"integrity": "sha512-vY0le8ad2KaV1PJr+jCd8fUF9VOjwwQP/uBuTJvhvKTloEwxYA/kAjKK9OpIslGA9m/zcnSo74czI6bBrm2sYA==",
			"cpu": [
				"x64"
			],
			"dev": true,
			"license": "Apache-2.0 OR MIT",
			"optional": true,
			"os": [
				"linux"
			],
			"engines": {
				"node": ">= 10"
			}
		},
		"node_modules/@tauri-apps/cli-linux-x64-musl": {
			"version": "2.9.6",
			"resolved": "https://registry.npmjs.org/@tauri-apps/cli-linux-x64-musl/-/cli-linux-x64-musl-2.9.6.tgz",
			"integrity": "sha512-TOEuB8YCFZTWVDzsO2yW0+zGcoMiPPwcUgdnW1ODnmgfwccpnihDRoks+ABT1e3fHb1ol8QQWsHSCovb3o2ENQ==",
			"cpu": [
				"x64"
			],
			"dev": true,
			"license": "Apache-2.0 OR MIT",
			"optional": true,
			"os": [
				"linux"
			],
			"engines": {
				"node": ">= 10"
			}
		},
		"node_modules/@tauri-apps/cli-win32-arm64-msvc": {
			"version": "2.9.6",
			"resolved": "https://registry.npmjs.org/@tauri-apps/cli-win32-arm64-msvc/-/cli-win32-arm64-msvc-2.9.6.tgz",
			"integrity": "sha512-ujmDGMRc4qRLAnj8nNG26Rlz9klJ0I0jmZs2BPpmNNf0gM/rcVHhqbEkAaHPTBVIrtUdf7bGvQAD2pyIiUrBHQ==",
			"cpu": [
				"arm64"
			],
			"dev": true,
			"license": "Apache-2.0 OR MIT",
			"optional": true,
			"os": [
				"win32"
			],
			"engines": {
				"node": ">= 10"
			}
		},
		"node_modules/@tauri-apps/cli-win32-ia32-msvc": {
			"version": "2.9.6",
			"resolved": "https://registry.npmjs.org/@tauri-apps/cli-win32-ia32-msvc/-/cli-win32-ia32-msvc-2.9.6.tgz",
			"integrity": "sha512-S4pT0yAJgFX8QRCyKA1iKjZ9Q/oPjCZf66A/VlG5Yw54Nnr88J1uBpmenINbXxzyhduWrIXBaUbEY1K80ZbpMg==",
			"cpu": [
				"ia32"
			],
			"dev": true,
			"license": "Apache-2.0 OR MIT",
			"optional": true,
			"os": [
				"win32"
			],
			"engines": {
				"node": ">= 10"
			}
		},
		"node_modules/@tauri-apps/cli-win32-x64-msvc": {
			"version": "2.9.6",
			"resolved": "https://registry.npmjs.org/@tauri-apps/cli-win32-x64-msvc/-/cli-win32-x64-msvc-2.9.6.tgz",
			"integrity": "sha512-ldWuWSSkWbKOPjQMJoYVj9wLHcOniv7diyI5UAJ4XsBdtaFB0pKHQsqw/ItUma0VXGC7vB4E9fZjivmxur60aw==",
			"cpu": [
				"x64"
			],
			"dev": true,
			"license": "Apache-2.0 OR MIT",
			"optional": true,
			"os": [
				"win32"
			],
			"engines": {
				"node": ">= 10"
			}
		},
		"node_modules/@tauri-apps/plugin-dialog": {
			"version": "2.6.0",
			"resolved": "https://registry.npmjs.org/@tauri-apps/plugin-dialog/-/plugin-dialog-2.6.0.tgz",
			"integrity": "sha512-q4Uq3eY87TdcYzXACiYSPhmpBA76shgmQswGkSVio4C82Sz2W4iehe9TnKYwbq7weHiL88Yw19XZm7v28+Micg==",
			"license": "MIT OR Apache-2.0",
			"dependencies": {
				"@tauri-apps/api": "^2.8.0"
			}
		},
		"node_modules/@tauri-apps/plugin-notification": {
			"version": "2.3.3",
			"resolved": "https://registry.npmjs.org/@tauri-apps/plugin-notification/-/plugin-notification-2.3.3.tgz",
			"integrity": "sha512-Zw+ZH18RJb41G4NrfHgIuofJiymusqN+q8fGUIIV7vyCH+5sSn5coqRv/MWB9qETsUs97vmU045q7OyseCV3Qg==",
			"license": "MIT OR Apache-2.0",
			"dependencies": {
				"@tauri-apps/api": "^2.8.0"
			}
		},
		"node_modules/@tauri-apps/plugin-process": {
			"version": "2.3.0",
			"resolved": "https://registry.npmjs.org/@tauri-apps/plugin-process/-/plugin-process-2.3.0.tgz",
			"integrity": "sha512-0DNj6u+9csODiV4seSxxRbnLpeGYdojlcctCuLOCgpH9X3+ckVZIEj6H7tRQ7zqWr7kSTEWnrxtAdBb0FbtrmQ==",
			"license": "MIT OR Apache-2.0",
			"dependencies": {
				"@tauri-apps/api": "^2.6.0"
			}
		},
		"node_modules/@tauri-apps/plugin-updater": {
			"version": "2.10.0",
			"resolved": "https://registry.npmjs.org/@tauri-apps/plugin-updater/-/plugin-updater-2.10.0.tgz",
			"integrity": "sha512-ljN8jPlnT0aSn8ecYhuBib84alxfMx6Hc8vJSKMJyzGbTPFZAC44T2I1QNFZssgWKrAlofvJqCC6Rr472JWfkQ==",
			"license": "MIT OR Apache-2.0",
			"dependencies": {
				"@tauri-apps/api": "^2.10.1"
			}
		},
		"node_modules/cross-spawn": {
			"version": "7.0.6",
			"resolved": "https://registry.npmjs.org/cross-spawn/-/cross-spawn-7.0.6.tgz",
			"integrity": "sha512-uV2QOWP2nWzsy2aMp8aRibhi9dlzF5Hgh5SHaB9OiTGEyDTiJJyx0uy51QXdyWbtAHNua4XJzUKca3OzKUd3vA==",
			"dev": true,
			"license": "MIT",
			"dependencies": {
				"path-key": "^3.1.0",
				"shebang-command": "^2.0.0",
				"which": "^2.0.1"
			},
			"engines": {
				"node": ">= 8"
			}
		},
		"node_modules/dotenv": {
			"version": "17.2.3",
			"resolved": "https://registry.npmjs.org/dotenv/-/dotenv-17.2.3.tgz",
			"integrity": "sha512-JVUnt+DUIzu87TABbhPmNfVdBDt18BLOWjMUFJMSi/Qqg7NTYtabbvSNJGOJ7afbRuv9D/lngizHtP7QyLQ+9w==",
			"dev": true,
			"license": "BSD-2-Clause",
			"engines": {
				"node": ">=12"
			},
			"funding": {
				"url": "https://dotenvx.com"
			}
		},
		"node_modules/dotenv-cli": {
			"version": "10.0.0",
			"resolved": "https://registry.npmjs.org/dotenv-cli/-/dotenv-cli-10.0.0.tgz",
			"integrity": "sha512-lnOnttzfrzkRx2echxJHQRB6vOAMSCzzZg79IxpC00tU42wZPuZkQxNNrrwVAxaQZIIh001l4PxVlCrBxngBzA==",
			"dev": true,
			"license": "MIT",
			"dependencies": {
				"cross-spawn": "^7.0.6",
				"dotenv": "^17.1.0",
				"dotenv-expand": "^11.0.0",
				"minimist": "^1.2.6"
			},
			"bin": {
				"dotenv": "cli.js"
			}
		},
		"node_modules/dotenv-expand": {
			"version": "11.0.7",
			"resolved": "https://registry.npmjs.org/dotenv-expand/-/dotenv-expand-11.0.7.tgz",
			"integrity": "sha512-zIHwmZPRshsCdpMDyVsqGmgyP0yT8GAgXUnkdAoJisxvf33k7yO6OuoKmcTGuXPWSsm8Oh88nZicRLA9Y0rUeA==",
			"dev": true,
			"license": "BSD-2-Clause",
			"dependencies": {
				"dotenv": "^16.4.5"
			},
			"engines": {
				"node": ">=12"
			},
			"funding": {
				"url": "https://dotenvx.com"
			}
		},
		"node_modules/dotenv-expand/node_modules/dotenv": {
			"version": "16.6.1",
			"resolved": "https://registry.npmjs.org/dotenv/-/dotenv-16.6.1.tgz",
			"integrity": "sha512-uBq4egWHTcTt33a72vpSG0z3HnPuIl6NqYcTrKEg2azoEyl2hpW0zqlxysq2pK9HlDIHyHyakeYaYnSAwd8bow==",
			"dev": true,
			"license": "BSD-2-Clause",
			"engines": {
				"node": ">=12"
			},
			"funding": {
				"url": "https://dotenvx.com"
			}
		},
		"node_modules/fsevents": {
			"version": "2.3.2",
			"resolved": "https://registry.npmjs.org/fsevents/-/fsevents-2.3.2.tgz",
			"integrity": "sha512-xiqMQR4xAeHTuB9uWm+fFRcIOgKBMiOBP+eXiyT7jsgVCq1bkVygt00oASowB7EdtpOHaaPgKt812P9ab+DDKA==",
			"dev": true,
			"hasInstallScript": true,
			"license": "MIT",
			"optional": true,
			"os": [
				"darwin"
			],
			"engines": {
				"node": "^8.16.0 || ^10.6.0 || >=11.0.0"
			}
		},
		"node_modules/isexe": {
			"version": "2.0.0",
			"resolved": "https://registry.npmjs.org/isexe/-/isexe-2.0.0.tgz",
			"integrity": "sha512-RHxMLp9lnKHGHRng9QFhRCMbYAcVpn69smSGcq3f36xjgVVWThj4qqLbTLlq7Ssj8B+fIQ1EuCEGI2lKsyQeIw==",
			"dev": true,
			"license": "ISC"
		},
		"node_modules/minimist": {
			"version": "1.2.8",
			"resolved": "https://registry.npmjs.org/minimist/-/minimist-1.2.8.tgz",
			"integrity": "sha512-2yyAR8qBkN3YuheJanUpWC5U3bb5osDywNB8RzDVlDwDHbocAJveqqj1u8+SVD7jkWT4yvsHCpWqqWqAxb0zCA==",
			"dev": true,
			"license": "MIT",
			"funding": {
				"url": "https://github.com/sponsors/ljharb"
			}
		},
		"node_modules/path-key": {
			"version": "3.1.1",
			"resolved": "https://registry.npmjs.org/path-key/-/path-key-3.1.1.tgz",
			"integrity": "sha512-ojmeN0qd+y0jszEtoY48r0Peq5dwMEkIlCOu6Q5f41lfkswXuKtYrhgoTpLnyIcHm24Uhqx+5Tqm2InSwLhE6Q==",
			"dev": true,
			"license": "MIT",
			"engines": {
				"node": ">=8"
			}
		},
		"node_modules/playwright": {
			"version": "1.56.1",
			"resolved": "https://registry.npmjs.org/playwright/-/playwright-1.56.1.tgz",
			"integrity": "sha512-aFi5B0WovBHTEvpM3DzXTUaeN6eN0qWnTkKx4NQaH4Wvcmc153PdaY2UBdSYKaGYw+UyWXSVyxDUg5DoPEttjw==",
			"dev": true,
			"license": "Apache-2.0",
			"dependencies": {
				"playwright-core": "1.56.1"
			},
			"bin": {
				"playwright": "cli.js"
			},
			"engines": {
				"node": ">=18"
			},
			"optionalDependencies": {
				"fsevents": "2.3.2"
			}
		},
		"node_modules/playwright-core": {
			"version": "1.56.1",
			"resolved": "https://registry.npmjs.org/playwright-core/-/playwright-core-1.56.1.tgz",
			"integrity": "sha512-hutraynyn31F+Bifme+Ps9Vq59hKuUCz7H1kDOcBs+2oGguKkWTU50bBWrtz34OUWmIwpBTWDxaRPXrIXkgvmQ==",
			"dev": true,
			"license": "Apache-2.0",
			"bin": {
				"playwright-core": "cli.js"
			},
			"engines": {
				"node": ">=18"
			}
		},
		"node_modules/shebang-command": {
			"version": "2.0.0",
			"resolved": "https://registry.npmjs.org/shebang-command/-/shebang-command-2.0.0.tgz",
			"integrity": "sha512-kHxr2zZpYtdmrN1qDjrrX/Z1rR1kG8Dx+gkpK1G4eXmvXswmcE1hTWBWYUzlraYw1/yZp6YuDY77YtvbN0dmDA==",
			"dev": true,
			"license": "MIT",
			"dependencies": {
				"shebang-regex": "^3.0.0"
			},
			"engines": {
				"node": ">=8"
			}
		},
		"node_modules/shebang-regex": {
			"version": "3.0.0",
			"resolved": "https://registry.npmjs.org/shebang-regex/-/shebang-regex-3.0.0.tgz",
			"integrity": "sha512-7++dFhtcx3353uBaq8DDR4NuxBetBzC7ZQOhmTQInHEd6bSrXdiEyzCvG07Z44UYdLShWUyXt5M/yhz8ekcb1A==",
			"dev": true,
			"license": "MIT",
			"engines": {
				"node": ">=8"
			}
		},
		"node_modules/which": {
			"version": "2.0.2",
			"resolved": "https://registry.npmjs.org/which/-/which-2.0.2.tgz",
			"integrity": "sha512-BLI3Tl1TW3Pvl70l3yq3Y64i+awpwXqsGBYWkkqMtnbXgrMD+yj7rhW0kuEDxzJaYXGjEW5ogapKNMEKNMjibA==",
			"dev": true,
			"license": "ISC",
			"dependencies": {
				"isexe": "^2.0.0"
			},
			"bin": {
				"node-which": "bin/node-which"
			},
			"engines": {
				"node": ">= 8"
			}
		},
		"node_modules/ws": {
			"version": "8.18.3",
			"resolved": "https://registry.npmjs.org/ws/-/ws-8.18.3.tgz",
			"integrity": "sha512-PEIGCY5tSlUt50cqyMXfCzX+oOPqN0vuGqWzbcJ2xvnkzkq46oOpz7dQaTDBdfICb4N14+GARUDw2XV2N4tvzg==",
			"dev": true,
			"license": "MIT",
			"engines": {
				"node": ">=10.0.0"
			},
			"peerDependencies": {
				"bufferutil": "^4.0.1",
				"utf-8-validate": ">=5.0.2"
			},
			"peerDependenciesMeta": {
				"bufferutil": {
					"optional": true
				},
				"utf-8-validate": {
					"optional": true
				}
			}
		}
	}
}
